
Microsoft Visual Studio Solution File, Format Version 12.00
# Visual Studio Version 17
VisualStudioVersion = 17.8.34330.188
MinimumVisualStudioVersion = 10.0.40219.1
Project("{FAE04EC0-301F-11D3-BF4B-00C04F79EFBC}") = "Project_2", "Project_2\Project_2.csproj", "{6ECDD2AB-BC63-4110-8471-0D02BC87D331}"
EndProject
Global
	GlobalSection(SolutionConfigurationPlatforms) = preSolution
		Debug|Any CPU = Debug|Any CPU
		Release|Any CPU = Release|Any CPU
	EndGlobalSection
	GlobalSection(ProjectConfigurationPlatforms) = postSolution
		{6ECDD2AB-BC63-4110-8471-0D02BC87D331}.Debug|Any CPU.ActiveCfg = Debug|Any CPU
		{6ECDD2AB-BC63-4110-8471-0D02BC87D331}.Debug|Any CPU.Build.0 = Debug|Any CPU
		{6ECDD2AB-BC63-4110-8471-0D02BC87D331}.Release|Any CPU.ActiveCfg = Release|Any CPU
		{6ECDD2AB-BC63-4110-8471-0D02BC87D331}.Release|Any CPU.Build.0 = Release|Any CPU
	EndGlobalSection
	GlobalSection(SolutionProperties) = preSolution
		HideSolutionNode = FALSE
	EndGlobalSection
	GlobalSection(ExtensibilityGlobals) = postSolution
		SolutionGuid = {C8D7B547-EF49-42C9-B608-472273D7BE5D}
	EndGlobalSection
EndGlobal
